
Microsoft Visual Studio Solution File, Format Version 12.00
# Visual Studio Version 17
VisualStudioVersion = 17.8.34316.72
MinimumVisualStudioVersion = 10.0.40219.1
Project("{9A19103F-16F7-4668-BE54-9A1E7A4F7556}") = "AvaloniaChartsComparison", "AvaloniaChartsComparison\AvaloniaChartsComparison.csproj", "{EA1D30D8-52E4-4627-965F-D91307B84EAB}"
	ProjectSection(ProjectDependencies) = postProject
		{FDBA1F0C-2B58-4F8D-B65C-5E93EEFA61B6} = {FDBA1F0C-2B58-4F8D-B65C-5E93EEFA61B6}
	EndProjectSection
EndProject
Project("{9A19103F-16F7-4668-BE54-9A1E7A4F7556}") = "Avalonia.Microcharts", "..\Microcharts\src\Avalonia.Microcharts\Avalonia.Microcharts.csproj", "{FDBA1F0C-2B58-4F8D-B65C-5E93EEFA61B6}"
EndProject
Global
	GlobalSection(SolutionConfigurationPlatforms) = preSolution
		Debug|Any CPU = Debug|Any CPU
		Release|Any CPU = Release|Any CPU
	EndGlobalSection
	GlobalSection(ProjectConfigurationPlatforms) = postSolution
		{EA1D30D8-52E4-4627-965F-D91307B84EAB}.Debug|Any CPU.ActiveCfg = Debug|Any CPU
		{EA1D30D8-52E4-4627-965F-D91307B84EAB}.Debug|Any CPU.Build.0 = Debug|Any CPU
		{EA1D30D8-52E4-4627-965F-D91307B84EAB}.Release|Any CPU.ActiveCfg = Release|Any CPU
		{EA1D30D8-52E4-4627-965F-D91307B84EAB}.Release|Any CPU.Build.0 = Release|Any CPU
		{FDBA1F0C-2B58-4F8D-B65C-5E93EEFA61B6}.Debug|Any CPU.ActiveCfg = Debug|Any CPU
		{FDBA1F0C-2B58-4F8D-B65C-5E93EEFA61B6}.Debug|Any CPU.Build.0 = Debug|Any CPU
		{FDBA1F0C-2B58-4F8D-B65C-5E93EEFA61B6}.Release|Any CPU.ActiveCfg = Release|Any CPU
		{FDBA1F0C-2B58-4F8D-B65C-5E93EEFA61B6}.Release|Any CPU.Build.0 = Release|Any CPU
	EndGlobalSection
	GlobalSection(SolutionProperties) = preSolution
		HideSolutionNode = FALSE
	EndGlobalSection
EndGlobal
